
Microsoft Visual Studio Solution File, Format Version 12.00
# Visual Studio Version 17
VisualStudioVersion = 17.14.36301.6 d17.14
MinimumVisualStudioVersion = 10.0.40219.1
Project("{FAE04EC0-301F-11D3-BF4B-00C04F79EFBC}") = "Proyecto_Clinica_Universitaria", "Proyecto_Clinica_Universitaria\Proyecto_Clinica_Universitaria.csproj", "{3B262280-6681-4938-93A5-3D9444F5FD45}"
EndProject
Global
	GlobalSection(SolutionConfigurationPlatforms) = preSolution
		Debug|Any CPU = Debug|Any CPU
		Release|Any CPU = Release|Any CPU
	EndGlobalSection
	GlobalSection(ProjectConfigurationPlatforms) = postSolution
		{3B262280-6681-4938-93A5-3D9444F5FD45}.Debug|Any CPU.ActiveCfg = Debug|Any CPU
		{3B262280-6681-4938-93A5-3D9444F5FD45}.Debug|Any CPU.Build.0 = Debug|Any CPU
		{3B262280-6681-4938-93A5-3D9444F5FD45}.Release|Any CPU.ActiveCfg = Release|Any CPU
		{3B262280-6681-4938-93A5-3D9444F5FD45}.Release|Any CPU.Build.0 = Release|Any CPU
	EndGlobalSection
	GlobalSection(SolutionProperties) = preSolution
		HideSolutionNode = FALSE
	EndGlobalSection
	GlobalSection(ExtensibilityGlobals) = postSolution
		SolutionGuid = {E4A0B775-7481-4767-9D4A-A2535CFEA871}
	EndGlobalSection
EndGlobal
